
Microsoft Visual Studio Solution File, Format Version 12.00
# Visual Studio Version 16
VisualStudioVersion = 16.0.29728.190
MinimumVisualStudioVersion = 10.0.40219.1
Project("{FAE04EC0-301F-11D3-BF4B-00C04F79EFBC}") = "EDIDevDemo", "EDIDevDemo\EDIDevDemo.csproj", "{0B554BA0-C133-4480-8C30-28CF0DE70D69}"
EndProject
Global
	GlobalSection(SolutionConfigurationPlatforms) = preSolution
		Debug|Any CPU = Debug|Any CPU
		Release|Any CPU = Release|Any CPU
	EndGlobalSection
	GlobalSection(ProjectConfigurationPlatforms) = postSolution
		{0B554BA0-C133-4480-8C30-28CF0DE70D69}.Debug|Any CPU.ActiveCfg = Debug|Any CPU
		{0B554BA0-C133-4480-8C30-28CF0DE70D69}.Debug|Any CPU.Build.0 = Debug|Any CPU
		{0B554BA0-C133-4480-8C30-28CF0DE70D69}.Release|Any CPU.ActiveCfg = Release|Any CPU
		{0B554BA0-C133-4480-8C30-28CF0DE70D69}.Release|Any CPU.Build.0 = Release|Any CPU
	EndGlobalSection
	GlobalSection(SolutionProperties) = preSolution
		HideSolutionNode = FALSE
	EndGlobalSection
	GlobalSection(ExtensibilityGlobals) = postSolution
		SolutionGuid = {E04D52FF-750D-4561-B71C-3F2A508A8281}
	EndGlobalSection
EndGlobal
