{
  "name": "nodeedidemo",
  "version": "1.0.0",
  "lockfileVersion": 1,
  "requires": true,
  "dependencies": {
    "js2xmlparser": {
      "version": "4.0.1",
      "resolved": "https://registry.npmjs.org/js2xmlparser/-/js2xmlparser-4.0.1.tgz",
      "integrity": "sha512-KrPTolcw6RocpYjdC7pL7v62e55q7qOMHvLX1UCLc5AAS8qeJ6nukarEJAF2KL2PZxlbGueEbINqZR2bDe/gUw==",
      "requires": {
        "xmlcreate": "^2.0.3"
      }
    },
    "xml-formatter": {
      "version": "2.1.1",
      "resolved": "https://registry.npmjs.org/xml-formatter/-/xml-formatter-2.1.1.tgz",
      "integrity": "sha512-Mhliz2i6/QpNG/FQa/DiDc7EG3wWoVKbXL2Ldgf+zw72KYreoHxhS+xM6UX6vP540EGFQ1CwT1ZzCqj6sGXHlw==",
      "requires": {
        "xml-parser-xo": "^3.0.0"
      }
    },
    "xml-parser-xo": {
      "version": "3.0.0",
      "resolved": "https://registry.npmjs.org/xml-parser-xo/-/xml-parser-xo-3.0.0.tgz",
      "integrity": "sha512-MPPexqXBx48m3OFMQXxo7+RYhG6o6kCGflk4q4oL3uQ0b7d5NDKjHFDwUoozOTPT3WFztT13z3R9Sn0QCTIJcQ=="
    },
    "xmlbuilder": {
      "version": "15.1.1",
      "resolved": "https://registry.npmjs.org/xmlbuilder/-/xmlbuilder-15.1.1.tgz",
      "integrity": "sha512-yMqGBqtXyeN1e3TGYvgNgDVZ3j84W4cwkOXQswghol6APgZWaff9lnbvN7MHYJOiXsvGPXtjTYJEiC9J2wv9Eg=="
    },
    "xmlcreate": {
      "version": "2.0.3",
      "resolved": "https://registry.npmjs.org/xmlcreate/-/xmlcreate-2.0.3.tgz",
      "integrity": "sha512-HgS+X6zAztGa9zIK3Y3LXuJes33Lz9x+YyTxgrkIdabu2vqcGOWwdfCpf1hWLRrd553wd4QCDf6BBO6FfdsRiQ=="
    },
    "xmldom": {
      "version": "0.3.0",
      "resolved": "https://registry.npmjs.org/xmldom/-/xmldom-0.3.0.tgz",
      "integrity": "sha512-z9s6k3wxE+aZHgXYxSTpGDo7BYOUfJsIRyoZiX6HTjwpwfS2wpQBQKa2fD+ShLyPkqDYo5ud7KitmLZ2Cd6r0g=="
    },
    "xpath": {
      "version": "0.0.27",
      "resolved": "https://registry.npmjs.org/xpath/-/xpath-0.0.27.tgz",
      "integrity": "sha512-fg03WRxtkCV6ohClePNAECYsmpKKTv5L8y/X3Dn1hQrec3POx2jHZ/0P2qQ6HvsrU1BmeqXcof3NGGueG6LxwQ=="
    }
  }
}
