
Microsoft Visual Studio Solution File, Format Version 12.00
# Visual Studio Version 16
VisualStudioVersion = 16.0.29728.190
MinimumVisualStudioVersion = 10.0.40219.1
Project("{FAE04EC0-301F-11D3-BF4B-00C04F79EFBC}") = "EDIX12ParserToXML", "EDIX12ParserToXML\EDIX12ParserToXML.csproj", "{184DA20D-75FD-45A5-8E1B-E5E62392090E}"
EndProject
Project("{FAE04EC0-301F-11D3-BF4B-00C04F79EFBC}") = "ConexionFTP", "ConexionFTP\ConexionFTP.csproj", "{F409A7A7-1853-4937-921B-FBB606F59104}"
EndProject
Global
	GlobalSection(SolutionConfigurationPlatforms) = preSolution
		Debug|Any CPU = Debug|Any CPU
		Release|Any CPU = Release|Any CPU
	EndGlobalSection
	GlobalSection(ProjectConfigurationPlatforms) = postSolution
		{184DA20D-75FD-45A5-8E1B-E5E62392090E}.Debug|Any CPU.ActiveCfg = Debug|Any CPU
		{184DA20D-75FD-45A5-8E1B-E5E62392090E}.Debug|Any CPU.Build.0 = Debug|Any CPU
		{184DA20D-75FD-45A5-8E1B-E5E62392090E}.Release|Any CPU.ActiveCfg = Release|Any CPU
		{184DA20D-75FD-45A5-8E1B-E5E62392090E}.Release|Any CPU.Build.0 = Release|Any CPU
		{F409A7A7-1853-4937-921B-FBB606F59104}.Debug|Any CPU.ActiveCfg = Debug|Any CPU
		{F409A7A7-1853-4937-921B-FBB606F59104}.Debug|Any CPU.Build.0 = Debug|Any CPU
		{F409A7A7-1853-4937-921B-FBB606F59104}.Release|Any CPU.ActiveCfg = Release|Any CPU
		{F409A7A7-1853-4937-921B-FBB606F59104}.Release|Any CPU.Build.0 = Release|Any CPU
	EndGlobalSection
	GlobalSection(SolutionProperties) = preSolution
		HideSolutionNode = FALSE
	EndGlobalSection
	GlobalSection(ExtensibilityGlobals) = postSolution
		SolutionGuid = {B59DD15A-3E8A-4E8F-A0FA-D0C92DEE43A9}
	EndGlobalSection
EndGlobal
